
Microsoft Visual Studio Solution File, Format Version 12.00
# Visual Studio Version 16
VisualStudioVersion = 16.0.30907.101
MinimumVisualStudioVersion = 10.0.40219.1
Project("{FAE04EC0-301F-11D3-BF4B-00C04F79EFBC}") = "Singleton", "Singleton\Singleton.csproj", "{A3464D25-4FFE-44AF-9E24-C4230B7FF549}"
EndProject
Global
	GlobalSection(SolutionConfigurationPlatforms) = preSolution
		Debug|Any CPU = Debug|Any CPU
		Release|Any CPU = Release|Any CPU
	EndGlobalSection
	GlobalSection(ProjectConfigurationPlatforms) = postSolution
		{A3464D25-4FFE-44AF-9E24-C4230B7FF549}.Debug|Any CPU.ActiveCfg = Debug|Any CPU
		{A3464D25-4FFE-44AF-9E24-C4230B7FF549}.Debug|Any CPU.Build.0 = Debug|Any CPU
		{A3464D25-4FFE-44AF-9E24-C4230B7FF549}.Release|Any CPU.ActiveCfg = Release|Any CPU
		{A3464D25-4FFE-44AF-9E24-C4230B7FF549}.Release|Any CPU.Build.0 = Release|Any CPU
	EndGlobalSection
	GlobalSection(SolutionProperties) = preSolution
		HideSolutionNode = FALSE
	EndGlobalSection
	GlobalSection(ExtensibilityGlobals) = postSolution
		SolutionGuid = {A6AF8877-976D-44FD-A71C-4171AF6F5E42}
	EndGlobalSection
EndGlobal
